Microsoft Visual Studio Solution File, Format Version 12.00
# Visual Studio Version 17
VisualStudioVersion = 17.13.35931.197
MinimumVisualStudioVersion = 10.0.40219.1
Project("{FAE04EC0-301F-11D3-BF4B-00C04F79EFBC}") = "AzureRagLibrarian", "AzureRagLibrarian\AzureRagLibrarian.csproj", "{C477D4E9-3502-4EF7-8DA5-6C35551DBA78}"
EndProject
Project("{FAE04EC0-301F-11D3-BF4B-00C04F79EFBC}") = "AzureRagLibrarian.Tests", "AzureRagLibrarian.Tests\AzureRagLibrarian.Tests.csproj", "{0B80D663-C98E-42B4-9F4A-828E70105703}"
EndProject
Project("{2150E333-8FDC-42A3-9474-1A3956D46DE8}") = "Solution Items", "Solution Items", "{02EA681E-C7D8-13C7-8484-4AC65E1B71E8}"
	ProjectSection(SolutionItems) = preProject
		.editorconfig = .editorconfig
		.gitignore = .gitignore
		LICENSE = LICENSE
		README.md = README.md
	EndProjectSection
EndProject
Global
	GlobalSection(SolutionConfigurationPlatforms) = preSolution
		Debug|Any CPU = Debug|Any CPU
		Release|Any CPU = Release|Any CPU
	EndGlobalSection
	GlobalSection(ProjectConfigurationPlatforms) = postSolution
		{C477D4E9-3502-4EF7-8DA5-6C35551DBA78}.Debug|Any CPU.ActiveCfg = Debug|Any CPU
		{C477D4E9-3502-4EF7-8DA5-6C35551DBA78}.Debug|Any CPU.Build.0 = Debug|Any CPU
		{C477D4E9-3502-4EF7-8DA5-6C35551DBA78}.Release|Any CPU.ActiveCfg = Release|Any CPU
		{C477D4E9-3502-4EF7-8DA5-6C35551DBA78}.Release|Any CPU.Build.0 = Release|Any CPU
		{0B80D663-C98E-42B4-9F4A-828E70105703}.Debug|Any CPU.ActiveCfg = Debug|Any CPU
		{0B80D663-C98E-42B4-9F4A-828E70105703}.Debug|Any CPU.Build.0 = Debug|Any CPU
		{0B80D663-C98E-42B4-9F4A-828E70105703}.Release|Any CPU.ActiveCfg = Release|Any CPU
		{0B80D663-C98E-42B4-9F4A-828E70105703}.Release|Any CPU.Build.0 = Release|Any CPU
	EndGlobalSection
	GlobalSection(SolutionProperties) = preSolution
		HideSolutionNode = FALSE
	EndGlobalSection
	GlobalSection(ExtensibilityGlobals) = postSolution
		SolutionGuid = {42E0F027-981D-4E20-9A65-321713C77FF0}
	EndGlobalSection
EndGlobal
